Microsoft Visual Studio Solution File, Format Version 12.00
# Visual Studio Version 17
VisualStudioVersion = 17.5.2.0
MinimumVisualStudioVersion = 10.0.40219.1
Project("{FAE04EC0-301F-11D3-BF4B-00C04F79EFBC}") = "techhub.webapp.AppHost", "techhub.webapp\techhub.webapp.AppHost\techhub.webapp.AppHost.csproj", "{D424CE40-CF5A-46F6-9EFD-131D23E12B82}"
EndProject
Project("{FAE04EC0-301F-11D3-BF4B-00C04F79EFBC}") = "techhub.webapp.ServiceDefaults", "techhub.webapp\techhub.webapp.ServiceDefaults\techhub.webapp.ServiceDefaults.csproj", "{E9B4E6F2-E42F-C920-F870-2FEC44DAD1CB}"
EndProject
Project("{FAE04EC0-301F-11D3-BF4B-00C04F79EFBC}") = "techhub.webapp.ApiService", "techhub.webapp\techhub.webapp.ApiService\techhub.webapp.ApiService.csproj", "{199D4B0B-27D8-BE12-B776-1402401C813C}"
EndProject
Project("{FAE04EC0-301F-11D3-BF4B-00C04F79EFBC}") = "techhub.webapp.Web", "techhub.webapp\techhub.webapp.Web\techhub.webapp.Web.csproj", "{55FC0074-09E1-CCD1-C666-28F92CACC16C}"
EndProject
Project("{FAE04EC0-301F-11D3-BF4B-00C04F79EFBC}") = "techhub.webapp.Tests", "techhub.webapp\techhub.webapp.Tests\techhub.webapp.Tests.csproj", "{73831D1B-ECC0-9AFC-3D4C-EEC8628BD56A}"
EndProject
Global
	GlobalSection(SolutionConfigurationPlatforms) = preSolution
		Debug|Any CPU = Debug|Any CPU
		Release|Any CPU = Release|Any CPU
	EndGlobalSection
	GlobalSection(ProjectConfigurationPlatforms) = postSolution
		{D424CE40-CF5A-46F6-9EFD-131D23E12B82}.Debug|Any CPU.ActiveCfg = Debug|Any CPU
		{D424CE40-CF5A-46F6-9EFD-131D23E12B82}.Debug|Any CPU.Build.0 = Debug|Any CPU
		{D424CE40-CF5A-46F6-9EFD-131D23E12B82}.Release|Any CPU.ActiveCfg = Release|Any CPU
		{D424CE40-CF5A-46F6-9EFD-131D23E12B82}.Release|Any CPU.Build.0 = Release|Any CPU
		{E9B4E6F2-E42F-C920-F870-2FEC44DAD1CB}.Debug|Any CPU.ActiveCfg = Debug|Any CPU
		{E9B4E6F2-E42F-C920-F870-2FEC44DAD1CB}.Debug|Any CPU.Build.0 = Debug|Any CPU
		{E9B4E6F2-E42F-C920-F870-2FEC44DAD1CB}.Release|Any CPU.ActiveCfg = Release|Any CPU
		{E9B4E6F2-E42F-C920-F870-2FEC44DAD1CB}.Release|Any CPU.Build.0 = Release|Any CPU
		{199D4B0B-27D8-BE12-B776-1402401C813C}.Debug|Any CPU.ActiveCfg = Debug|Any CPU
		{199D4B0B-27D8-BE12-B776-1402401C813C}.Debug|Any CPU.Build.0 = Debug|Any CPU
		{199D4B0B-27D8-BE12-B776-1402401C813C}.Release|Any CPU.ActiveCfg = Release|Any CPU
		{199D4B0B-27D8-BE12-B776-1402401C813C}.Release|Any CPU.Build.0 = Release|Any CPU
		{55FC0074-09E1-CCD1-C666-28F92CACC16C}.Debug|Any CPU.ActiveCfg = Debug|Any CPU
		{55FC0074-09E1-CCD1-C666-28F92CACC16C}.Debug|Any CPU.Build.0 = Debug|Any CPU
		{55FC0074-09E1-CCD1-C666-28F92CACC16C}.Release|Any CPU.ActiveCfg = Release|Any CPU
		{55FC0074-09E1-CCD1-C666-28F92CACC16C}.Release|Any CPU.Build.0 = Release|Any CPU
		{73831D1B-ECC0-9AFC-3D4C-EEC8628BD56A}.Debug|Any CPU.ActiveCfg = Debug|Any CPU
		{73831D1B-ECC0-9AFC-3D4C-EEC8628BD56A}.Debug|Any CPU.Build.0 = Debug|Any CPU
		{73831D1B-ECC0-9AFC-3D4C-EEC8628BD56A}.Release|Any CPU.ActiveCfg = Release|Any CPU
		{73831D1B-ECC0-9AFC-3D4C-EEC8628BD56A}.Release|Any CPU.Build.0 = Release|Any CPU
	EndGlobalSection
	GlobalSection(SolutionProperties) = preSolution
		HideSolutionNode = FALSE
	EndGlobalSection
	GlobalSection(ExtensibilityGlobals) = postSolution
		SolutionGuid = {00B2734F-0F5E-458C-9629-53824EA44ABD}
	EndGlobalSection
EndGlobal
